# This file is automatically @generated by Cargo.
# It is not intended for manual editing.
[[package]]
name = "day-1"
version = "0.1.0"
dependencies = [
 "mini-kanren",
]

[[package]]
name = "mini-kanren"
version = "0.3.2"
source = "registry+https://github.com/rust-lang/crates.io-index"
checksum = "fbd0e4283a73e67624115b5670631c23267e6728998b315ed7f9e1fef3ac21c1"
