# This file is automatically @generated by Cargo.
# It is not intended for manual editing.
[[package]]
name = "day-1"
version = "0.1.0"
dependencies = [
 "mini-kanren",
]

[[package]]
name = "mini-kanren"
version = "0.1.0"
source = "registry+https://github.com/rust-lang/crates.io-index"
checksum = "492cc42cb278e641bc167595857fd08dd25b4cbde646a5d60e6ee85d56d0ffcb"
