# This file is automatically @generated by Cargo.
# It is not intended for manual editing.
[[package]]
name = "day-2"
version = "0.1.0"
dependencies = [
 "mini-kanren",
]

[[package]]
name = "mini-kanren"
version = "0.3.5"
source = "registry+https://github.com/rust-lang/crates.io-index"
checksum = "5630d1459076f8fc63d84028074bab04d2c8cea19808bee3b3ea474e19a6bf26"
